
Microsoft Visual Studio Solution File, Format Version 12.00
# Visual Studio Version 17
VisualStudioVersion = 17.0.31903.59
MinimumVisualStudioVersion = 10.0.40219.1
Project("{2150E333-8FDC-42A3-9474-1A3956D46DE8}") = "src", "src", "{827E0CD3-B72D-47B6-A68D-7590B98EB39B}"
EndProject
Project("{FAE04EC0-301F-11D3-BF4B-00C04F79EFBC}") = "Kokoabim.GitTasks", "src\Kokoabim.GitTasks\Kokoabim.GitTasks.csproj", "{A9642CEB-A212-440F-99E3-404CB7143161}"
EndProject
Project("{2150E333-8FDC-42A3-9474-1A3956D46DE8}") = "tests", "tests", "{0AB3BF05-4346-4AA6-1389-037BE0695223}"
EndProject
Project("{FAE04EC0-301F-11D3-BF4B-00C04F79EFBC}") = "Kokoabim.GitTasks.Tests", "tests\Kokoabim.GitTasks.Tests\Kokoabim.GitTasks.Tests.csproj", "{A51ED378-9B77-4B5D-A8BE-BCC1425A5520}"
EndProject
Project("{2150E333-8FDC-42A3-9474-1A3956D46DE8}") = "libs", "libs", "{6C4D298B-81FB-2B6B-5AB6-46205EDDC72C}"
EndProject
Project("{2150E333-8FDC-42A3-9474-1A3956D46DE8}") = "Kokoabim.CommandLineInterface", "Kokoabim.CommandLineInterface", "{A5824BF1-8EF9-8292-18CB-7675F9F8312F}"
EndProject
Project("{2150E333-8FDC-42A3-9474-1A3956D46DE8}") = "src", "src", "{D9F204B4-12A0-81DD-0F67-A94803097F7E}"
EndProject
Project("{FAE04EC0-301F-11D3-BF4B-00C04F79EFBC}") = "Kokoabim.CommandLineInterface", "libs\Kokoabim.CommandLineInterface\src\Kokoabim.CommandLineInterface\Kokoabim.CommandLineInterface.csproj", "{E5577591-970B-4791-B2A9-F28A8D7769AE}"
EndProject
Project("{2150E333-8FDC-42A3-9474-1A3956D46DE8}") = "tests", "tests", "{3A1BAA30-1367-720C-9938-4CF6966B4014}"
EndProject
Project("{FAE04EC0-301F-11D3-BF4B-00C04F79EFBC}") = "Kokoabim.CommandLineInterface.Tests", "libs\Kokoabim.CommandLineInterface\tests\Kokoabim.CommandLineInterface.Tests\Kokoabim.CommandLineInterface.Tests.csproj", "{43F0721C-218E-481B-B65B-B40ABB5CEF1D}"
EndProject
Global
	GlobalSection(SolutionConfigurationPlatforms) = preSolution
		Debug|Any CPU = Debug|Any CPU
		Debug|x64 = Debug|x64
		Debug|x86 = Debug|x86
		Release|Any CPU = Release|Any CPU
		Release|x64 = Release|x64
		Release|x86 = Release|x86
	EndGlobalSection
	GlobalSection(ProjectConfigurationPlatforms) = postSolution
		{A9642CEB-A212-440F-99E3-404CB7143161}.Debug|Any CPU.ActiveCfg = Debug|Any CPU
		{A9642CEB-A212-440F-99E3-404CB7143161}.Debug|Any CPU.Build.0 = Debug|Any CPU
		{A9642CEB-A212-440F-99E3-404CB7143161}.Debug|x64.ActiveCfg = Debug|Any CPU
		{A9642CEB-A212-440F-99E3-404CB7143161}.Debug|x64.Build.0 = Debug|Any CPU
		{A9642CEB-A212-440F-99E3-404CB7143161}.Debug|x86.ActiveCfg = Debug|Any CPU
		{A9642CEB-A212-440F-99E3-404CB7143161}.Debug|x86.Build.0 = Debug|Any CPU
		{A9642CEB-A212-440F-99E3-404CB7143161}.Release|Any CPU.ActiveCfg = Release|Any CPU
		{A9642CEB-A212-440F-99E3-404CB7143161}.Release|Any CPU.Build.0 = Release|Any CPU
		{A9642CEB-A212-440F-99E3-404CB7143161}.Release|x64.ActiveCfg = Release|Any CPU
		{A9642CEB-A212-440F-99E3-404CB7143161}.Release|x64.Build.0 = Release|Any CPU
		{A9642CEB-A212-440F-99E3-404CB7143161}.Release|x86.ActiveCfg = Release|Any CPU
		{A9642CEB-A212-440F-99E3-404CB7143161}.Release|x86.Build.0 = Release|Any CPU
		{A51ED378-9B77-4B5D-A8BE-BCC1425A5520}.Debug|Any CPU.ActiveCfg = Debug|Any CPU
		{A51ED378-9B77-4B5D-A8BE-BCC1425A5520}.Debug|Any CPU.Build.0 = Debug|Any CPU
		{A51ED378-9B77-4B5D-A8BE-BCC1425A5520}.Debug|x64.ActiveCfg = Debug|Any CPU
		{A51ED378-9B77-4B5D-A8BE-BCC1425A5520}.Debug|x64.Build.0 = Debug|Any CPU
		{A51ED378-9B77-4B5D-A8BE-BCC1425A5520}.Debug|x86.ActiveCfg = Debug|Any CPU
		{A51ED378-9B77-4B5D-A8BE-BCC1425A5520}.Debug|x86.Build.0 = Debug|Any CPU
		{A51ED378-9B77-4B5D-A8BE-BCC1425A5520}.Release|Any CPU.ActiveCfg = Release|Any CPU
		{A51ED378-9B77-4B5D-A8BE-BCC1425A5520}.Release|Any CPU.Build.0 = Release|Any CPU
		{A51ED378-9B77-4B5D-A8BE-BCC1425A5520}.Release|x64.ActiveCfg = Release|Any CPU
		{A51ED378-9B77-4B5D-A8BE-BCC1425A5520}.Release|x64.Build.0 = Release|Any CPU
		{A51ED378-9B77-4B5D-A8BE-BCC1425A5520}.Release|x86.ActiveCfg = Release|Any CPU
		{A51ED378-9B77-4B5D-A8BE-BCC1425A5520}.Release|x86.Build.0 = Release|Any CPU
		{E5577591-970B-4791-B2A9-F28A8D7769AE}.Debug|Any CPU.ActiveCfg = Debug|Any CPU
		{E5577591-970B-4791-B2A9-F28A8D7769AE}.Debug|Any CPU.Build.0 = Debug|Any CPU
		{E5577591-970B-4791-B2A9-F28A8D7769AE}.Debug|x64.ActiveCfg = Debug|Any CPU
		{E5577591-970B-4791-B2A9-F28A8D7769AE}.Debug|x64.Build.0 = Debug|Any CPU
		{E5577591-970B-4791-B2A9-F28A8D7769AE}.Debug|x86.ActiveCfg = Debug|Any CPU
		{E5577591-970B-4791-B2A9-F28A8D7769AE}.Debug|x86.Build.0 = Debug|Any CPU
		{E5577591-970B-4791-B2A9-F28A8D7769AE}.Release|Any CPU.ActiveCfg = Release|Any CPU
		{E5577591-970B-4791-B2A9-F28A8D7769AE}.Release|Any CPU.Build.0 = Release|Any CPU
		{E5577591-970B-4791-B2A9-F28A8D7769AE}.Release|x64.ActiveCfg = Release|Any CPU
		{E5577591-970B-4791-B2A9-F28A8D7769AE}.Release|x64.Build.0 = Release|Any CPU
		{E5577591-970B-4791-B2A9-F28A8D7769AE}.Release|x86.ActiveCfg = Release|Any CPU
		{E5577591-970B-4791-B2A9-F28A8D7769AE}.Release|x86.Build.0 = Release|Any CPU
		{43F0721C-218E-481B-B65B-B40ABB5CEF1D}.Debug|Any CPU.ActiveCfg = Debug|Any CPU
		{43F0721C-218E-481B-B65B-B40ABB5CEF1D}.Debug|Any CPU.Build.0 = Debug|Any CPU
		{43F0721C-218E-481B-B65B-B40ABB5CEF1D}.Debug|x64.ActiveCfg = Debug|Any CPU
		{43F0721C-218E-481B-B65B-B40ABB5CEF1D}.Debug|x64.Build.0 = Debug|Any CPU
		{43F0721C-218E-481B-B65B-B40ABB5CEF1D}.Debug|x86.ActiveCfg = Debug|Any CPU
		{43F0721C-218E-481B-B65B-B40ABB5CEF1D}.Debug|x86.Build.0 = Debug|Any CPU
		{43F0721C-218E-481B-B65B-B40ABB5CEF1D}.Release|Any CPU.ActiveCfg = Release|Any CPU
		{43F0721C-218E-481B-B65B-B40ABB5CEF1D}.Release|Any CPU.Build.0 = Release|Any CPU
		{43F0721C-218E-481B-B65B-B40ABB5CEF1D}.Release|x64.ActiveCfg = Release|Any CPU
		{43F0721C-218E-481B-B65B-B40ABB5CEF1D}.Release|x64.Build.0 = Release|Any CPU
		{43F0721C-218E-481B-B65B-B40ABB5CEF1D}.Release|x86.ActiveCfg = Release|Any CPU
		{43F0721C-218E-481B-B65B-B40ABB5CEF1D}.Release|x86.Build.0 = Release|Any CPU
	EndGlobalSection
	GlobalSection(SolutionProperties) = preSolution
		HideSolutionNode = FALSE
	EndGlobalSection
	GlobalSection(NestedProjects) = preSolution
		{A9642CEB-A212-440F-99E3-404CB7143161} = {827E0CD3-B72D-47B6-A68D-7590B98EB39B}
		{A51ED378-9B77-4B5D-A8BE-BCC1425A5520} = {0AB3BF05-4346-4AA6-1389-037BE0695223}
		{A5824BF1-8EF9-8292-18CB-7675F9F8312F} = {6C4D298B-81FB-2B6B-5AB6-46205EDDC72C}
		{D9F204B4-12A0-81DD-0F67-A94803097F7E} = {A5824BF1-8EF9-8292-18CB-7675F9F8312F}
		{E5577591-970B-4791-B2A9-F28A8D7769AE} = {D9F204B4-12A0-81DD-0F67-A94803097F7E}
		{3A1BAA30-1367-720C-9938-4CF6966B4014} = {A5824BF1-8EF9-8292-18CB-7675F9F8312F}
		{43F0721C-218E-481B-B65B-B40ABB5CEF1D} = {3A1BAA30-1367-720C-9938-4CF6966B4014}
	EndGlobalSection
EndGlobal
